
Microsoft Visual Studio Solution File, Format Version 12.00
# Visual Studio Version 17
VisualStudioVersion = 17.8.34511.84
MinimumVisualStudioVersion = 10.0.40219.1
Project("{8BC9CEB8-8B4A-11D0-8D11-00A0C91BC942}") = "0321", "0321\0321.vcxproj", "{9092EA01-B0FB-4168-A92D-98D606FE0840}"
EndProject
Global
	GlobalSection(SolutionConfigurationPlatforms) = preSolution
		Debug|x64 = Debug|x64
		Debug|x86 = Debug|x86
		Release|x64 = Release|x64
		Release|x86 = Release|x86
	EndGlobalSection
	GlobalSection(ProjectConfigurationPlatforms) = postSolution
		{9092EA01-B0FB-4168-A92D-98D606FE0840}.Debug|x64.ActiveCfg = Debug|x64
		{9092EA01-B0FB-4168-A92D-98D606FE0840}.Debug|x64.Build.0 = Debug|x64
		{9092EA01-B0FB-4168-A92D-98D606FE0840}.Debug|x86.ActiveCfg = Debug|Win32
		{9092EA01-B0FB-4168-A92D-98D606FE0840}.Debug|x86.Build.0 = Debug|Win32
		{9092EA01-B0FB-4168-A92D-98D606FE0840}.Release|x64.ActiveCfg = Release|x64
		{9092EA01-B0FB-4168-A92D-98D606FE0840}.Release|x64.Build.0 = Release|x64
		{9092EA01-B0FB-4168-A92D-98D606FE0840}.Release|x86.ActiveCfg = Release|Win32
		{9092EA01-B0FB-4168-A92D-98D606FE0840}.Release|x86.Build.0 = Release|Win32
	EndGlobalSection
	GlobalSection(SolutionProperties) = preSolution
		HideSolutionNode = FALSE
	EndGlobalSection
	GlobalSection(ExtensibilityGlobals) = postSolution
		SolutionGuid = {233E4AC9-3A85-433F-BE38-4D2B62413B70}
	EndGlobalSection
EndGlobal
