
Microsoft Visual Studio Solution File, Format Version 12.00
# Visual Studio Version 17
VisualStudioVersion = 17.9.34723.18
MinimumVisualStudioVersion = 10.0.40219.1
Project("{8BC9CEB8-8B4A-11D0-8D11-00A0C91BC942}") = "report2_example", "report2_example\report2_example.vcxproj", "{E1F710B4-6AF4-489F-B733-C3DD7904C999}"
EndProject
Global
	GlobalSection(SolutionConfigurationPlatforms) = preSolution
		Debug|x64 = Debug|x64
		Debug|x86 = Debug|x86
		Release|x64 = Release|x64
		Release|x86 = Release|x86
	EndGlobalSection
	GlobalSection(ProjectConfigurationPlatforms) = postSolution
		{E1F710B4-6AF4-489F-B733-C3DD7904C999}.Debug|x64.ActiveCfg = Debug|x64
		{E1F710B4-6AF4-489F-B733-C3DD7904C999}.Debug|x64.Build.0 = Debug|x64
		{E1F710B4-6AF4-489F-B733-C3DD7904C999}.Debug|x86.ActiveCfg = Debug|Win32
		{E1F710B4-6AF4-489F-B733-C3DD7904C999}.Debug|x86.Build.0 = Debug|Win32
		{E1F710B4-6AF4-489F-B733-C3DD7904C999}.Release|x64.ActiveCfg = Release|x64
		{E1F710B4-6AF4-489F-B733-C3DD7904C999}.Release|x64.Build.0 = Release|x64
		{E1F710B4-6AF4-489F-B733-C3DD7904C999}.Release|x86.ActiveCfg = Release|Win32
		{E1F710B4-6AF4-489F-B733-C3DD7904C999}.Release|x86.Build.0 = Release|Win32
	EndGlobalSection
	GlobalSection(SolutionProperties) = preSolution
		HideSolutionNode = FALSE
	EndGlobalSection
	GlobalSection(ExtensibilityGlobals) = postSolution
		SolutionGuid = {4F3CC5E1-4329-482A-BF04-5264E140C0EF}
	EndGlobalSection
EndGlobal
